// !$*UTF8*$!
{
	archiveVersion = 1;
	classes = {
	};
	objectVersion = 48;
	objects = {

/* Begin PBXBuildFile section */
		6EEF0B5CDF52E7CF4EE48DE7 /* libPods-PYScalableTableView.a in Frameworks */ = {isa = PBXBuildFile; fileRef = 54E59ADEBE38E99F3F34C8A3 /* libPods-PYScalableTableView.a */; };
		8642BA321F7A03E800032762 /* AppDelegate.m in Sources */ = {isa = PBXBuildFile; fileRef = 8642BA311F7A03E800032762 /* AppDelegate.m */; };
		8642BA351F7A03E800032762 /* ViewController.m in Sources */ = {isa = PBXBuildFile; fileRef = 8642BA341F7A03E800032762 /* ViewController.m */; };
		8642BA381F7A03E800032762 /* Main.storyboard in Resources */ = {isa = PBXBuildFile; fileRef = 8642BA361F7A03E800032762 /* Main.storyboard */; };
		8642BA3A1F7A03E800032762 /* Assets.xcassets in Resources */ = {isa = PBXBuildFile; fileRef = 8642BA391F7A03E800032762 /* Assets.xcassets */; };
		8642BA401F7A03E800032762 /* main.m in Sources */ = {isa = PBXBuildFile; fileRef = 8642BA3F1F7A03E800032762 /* main.m */; };
		86A79D161F7E695400F0F3C2 /* UITableViewCell+ScalableTableViewCell_Extension.m in Sources */ = {isa = PBXBuildFile; fileRef = 86A79D151F7E695400F0F3C2 /* UITableViewCell+ScalableTableViewCell_Extension.m */; };
		86C2EFE41F7DFBC2001E2E02 /* PYTestCell1.m in Sources */ = {isa = PBXBuildFile; fileRef = 86C2EFE31F7DFBC2001E2E02 /* PYTestCell1.m */; };
		86C2EFE71F7DFBD4001E2E02 /* PYTestCell2.m in Sources */ = {isa = PBXBuildFile; fileRef = 86C2EFE61F7DFBD4001E2E02 /* PYTestCell2.m */; };
		86C2EFEA1F7DFBE3001E2E02 /* PYTestCell3.m in Sources */ = {isa = PBXBuildFile; fileRef = 86C2EFE91F7DFBE3001E2E02 /* PYTestCell3.m */; };
		86C2EFED1F7DFF38001E2E02 /* PYTestBaseModel1.m in Sources */ = {isa = PBXBuildFile; fileRef = 86C2EFEC1F7DFF38001E2E02 /* PYTestBaseModel1.m */; };
		86C2EFF01F7DFF6A001E2E02 /* PYTestBaseModel2.m in Sources */ = {isa = PBXBuildFile; fileRef = 86C2EFEF1F7DFF6A001E2E02 /* PYTestBaseModel2.m */; };
		86C2EFF31F7DFF73001E2E02 /* PYTestModel3.m in Sources */ = {isa = PBXBuildFile; fileRef = 86C2EFF21F7DFF73001E2E02 /* PYTestModel3.m */; };
		86C9FD041F7D07E400E91B87 /* ScalableTableView.m in Sources */ = {isa = PBXBuildFile; fileRef = 86C9FD031F7D07E400E91B87 /* ScalableTableView.m */; };
		86E5EE471F8CD81F00B38813 /* PushViewController.m in Sources */ = {isa = PBXBuildFile; fileRef = 86E5EE461F8CD81F00B38813 /* PushViewController.m */; };
/* End PBXBuildFile section */

/* Begin PBXFileReference section */
		020BF7D21E3943E95A7663E1 /* Pods-PYScalableTableView.debug.xcconfig */ = {isa = PBXFileReference; includeInIndex = 1; lastKnownFileType = text.xcconfig; name = "Pods-PYScalableTableView.debug.xcconfig"; path = "Pods/Target Support Files/Pods-PYScalableTableView/Pods-PYScalableTableView.debug.xcconfig"; sourceTree = "<group>"; };
		0CE8C2B5622F5947B567F03B /* Pods-PYScalableTableView.release.xcconfig */ = {isa = PBXFileReference; includeInIndex = 1; lastKnownFileType = text.xcconfig; name = "Pods-PYScalableTableView.release.xcconfig"; path = "Pods/Target Support Files/Pods-PYScalableTableView/Pods-PYScalableTableView.release.xcconfig"; sourceTree = "<group>"; };
		54E59ADEBE38E99F3F34C8A3 /* libPods-PYScalableTableView.a */ = {isa = PBXFileReference; explicitFileType = archive.ar; includeInIndex = 0; path = "libPods-PYScalableTableView.a"; sourceTree = BUILT_PRODUCTS_DIR; };
		861BA3A21F8E0EE600712F3E /* LaunchScreen.storyboard */ = {isa = PBXFileReference; lastKnownFileType = file.storyboard; path = LaunchScreen.storyboard; sourceTree = "<group>"; };
		8642BA2D1F7A03E800032762 /* PYScalableTableView.app */ = {isa = PBXFileReference; explicitFileType = wrapper.application; includeInIndex = 0; path = PYScalableTableView.app; sourceTree = BUILT_PRODUCTS_DIR; };
		8642BA301F7A03E800032762 /* AppDelegate.h */ = {isa = PBXFileReference; lastKnownFileType = sourcecode.c.h; path = AppDelegate.h; sourceTree = "<group>"; };
		8642BA311F7A03E800032762 /* AppDelegate.m */ = {isa = PBXFileReference; lastKnownFileType = sourcecode.c.objc; path = AppDelegate.m; sourceTree = "<group>"; };
		8642BA331F7A03E800032762 /* ViewController.h */ = {isa = PBXFileReference; lastKnownFileType = sourcecode.c.h; path = ViewController.h; sourceTree = "<group>"; };
		8642BA341F7A03E800032762 /* ViewController.m */ = {isa = PBXFileReference; lastKnownFileType = sourcecode.c.objc; path = ViewController.m; sourceTree = "<group>"; };
		8642BA371F7A03E800032762 /* Base */ = {isa = PBXFileReference; lastKnownFileType = file.storyboard; name = Base; path = Base.lproj/Main.storyboard; sourceTree = "<group>"; };
		8642BA391F7A03E800032762 /* Assets.xcassets */ = {isa = PBXFileReference; lastKnownFileType = folder.assetcatalog; path = Assets.xcassets; sourceTree = "<group>"; };
		8642BA3E1F7A03E800032762 /* Info.plist */ = {isa = PBXFileReference; lastKnownFileType = text.plist.xml; path = Info.plist; sourceTree = "<group>"; };
		8642BA3F1F7A03E800032762 /* main.m */ = {isa = PBXFileReference; lastKnownFileType = sourcecode.c.objc; path = main.m; sourceTree = "<group>"; };
		86A79D141F7E695400F0F3C2 /* UITableViewCell+ScalableTableViewCell_Extension.h */ = {isa = PBXFileReference; fileEncoding = 4; lastKnownFileType = sourcecode.c.h; path = "UITableViewCell+ScalableTableViewCell_Extension.h"; sourceTree = "<group>"; };
		86A79D151F7E695400F0F3C2 /* UITableViewCell+ScalableTableViewCell_Extension.m */ = {isa = PBXFileReference; fileEncoding = 4; lastKnownFileType = sourcecode.c.objc; path = "UITableViewCell+ScalableTableViewCell_Extension.m"; sourceTree = "<group>"; };
		86C2EFE21F7DFBC2001E2E02 /* PYTestCell1.h */ = {isa = PBXFileReference; lastKnownFileType = sourcecode.c.h; path = PYTestCell1.h; sourceTree = "<group>"; };
		86C2EFE31F7DFBC2001E2E02 /* PYTestCell1.m */ = {isa = PBXFileReference; lastKnownFileType = sourcecode.c.objc; path = PYTestCell1.m; sourceTree = "<group>"; };
		86C2EFE51F7DFBD4001E2E02 /* PYTestCell2.h */ = {isa = PBXFileReference; lastKnownFileType = sourcecode.c.h; path = PYTestCell2.h; sourceTree = "<group>"; };
		86C2EFE61F7DFBD4001E2E02 /* PYTestCell2.m */ = {isa = PBXFileReference; lastKnownFileType = sourcecode.c.objc; path = PYTestCell2.m; sourceTree = "<group>"; };
		86C2EFE81F7DFBE3001E2E02 /* PYTestCell3.h */ = {isa = PBXFileReference; lastKnownFileType = sourcecode.c.h; path = PYTestCell3.h; sourceTree = "<group>"; };
		86C2EFE91F7DFBE3001E2E02 /* PYTestCell3.m */ = {isa = PBXFileReference; lastKnownFileType = sourcecode.c.objc; path = PYTestCell3.m; sourceTree = "<group>"; };
		86C2EFEB1F7DFF38001E2E02 /* PYTestBaseModel1.h */ = {isa = PBXFileReference; lastKnownFileType = sourcecode.c.h; path = PYTestBaseModel1.h; sourceTree = "<group>"; };
		86C2EFEC1F7DFF38001E2E02 /* PYTestBaseModel1.m */ = {isa = PBXFileReference; lastKnownFileType = sourcecode.c.objc; path = PYTestBaseModel1.m; sourceTree = "<group>"; };
		86C2EFEE1F7DFF6A001E2E02 /* PYTestBaseModel2.h */ = {isa = PBXFileReference; lastKnownFileType = sourcecode.c.h; path = PYTestBaseModel2.h; sourceTree = "<group>"; };
		86C2EFEF1F7DFF6A001E2E02 /* PYTestBaseModel2.m */ = {isa = PBXFileReference; lastKnownFileType = sourcecode.c.objc; path = PYTestBaseModel2.m; sourceTree = "<group>"; };
		86C2EFF11F7DFF73001E2E02 /* PYTestModel3.h */ = {isa = PBXFileReference; lastKnownFileType = sourcecode.c.h; path = PYTestModel3.h; sourceTree = "<group>"; };
		86C2EFF21F7DFF73001E2E02 /* PYTestModel3.m */ = {isa = PBXFileReference; lastKnownFileType = sourcecode.c.objc; path = PYTestModel3.m; sourceTree = "<group>"; };
		86C9FD021F7D07E400E91B87 /* ScalableTableView.h */ = {isa = PBXFileReference; lastKnownFileType = sourcecode.c.h; path = ScalableTableView.h; sourceTree = "<group>"; };
		86C9FD031F7D07E400E91B87 /* ScalableTableView.m */ = {isa = PBXFileReference; lastKnownFileType = sourcecode.c.objc; path = ScalableTableView.m; sourceTree = "<group>"; };
		86E5EE451F8CD81F00B38813 /* PushViewController.h */ = {isa = PBXFileReference; lastKnownFileType = sourcecode.c.h; path = PushViewController.h; sourceTree = "<group>"; };
		86E5EE461F8CD81F00B38813 /* PushViewController.m */ = {isa = PBXFileReference; lastKnownFileType = sourcecode.c.objc; path = PushViewController.m; sourceTree = "<group>"; };
/* End PBXFileReference section */

/* Begin PBXFrameworksBuildPhase section */
		8642BA2A1F7A03E800032762 /* Frameworks */ = {
			isa = PBXFrameworksBuildPhase;
			buildActionMask = 2147483647;
			files = (
				6EEF0B5CDF52E7CF4EE48DE7 /* libPods-PYScalableTableView.a in Frameworks */,
			);
			runOnlyForDeploymentPostprocessing = 0;
		};
/* End PBXFrameworksBuildPhase section */

/* Begin PBXGroup section */
		8642BA241F7A03E800032762 = {
			isa = PBXGroup;
			children = (
				8642BA2F1F7A03E800032762 /* PYScalableTableView */,
				8642BA2E1F7A03E800032762 /* Products */,
				D019517287791E1F878F32F9 /* Pods */,
				FE7B24656A62F06F80949080 /* Frameworks */,
			);
			sourceTree = "<group>";
		};
		8642BA2E1F7A03E800032762 /* Products */ = {
			isa = PBXGroup;
			children = (
				8642BA2D1F7A03E800032762 /* PYScalableTableView.app */,
			);
			name = Products;
			sourceTree = "<group>";
		};
		8642BA2F1F7A03E800032762 /* PYScalableTableView */ = {
			isa = PBXGroup;
			children = (
				8642BA461F7A041300032762 /* Tool */,
				8642BA301F7A03E800032762 /* AppDelegate.h */,
				8642BA311F7A03E800032762 /* AppDelegate.m */,
				8642BA331F7A03E800032762 /* ViewController.h */,
				8642BA341F7A03E800032762 /* ViewController.m */,
				86E5EE451F8CD81F00B38813 /* PushViewController.h */,
				86E5EE461F8CD81F00B38813 /* PushViewController.m */,
				8642BA361F7A03E800032762 /* Main.storyboard */,
				861BA3A21F8E0EE600712F3E /* LaunchScreen.storyboard */,
				8642BA391F7A03E800032762 /* Assets.xcassets */,
				8642BA3E1F7A03E800032762 /* Info.plist */,
				8642BA3F1F7A03E800032762 /* main.m */,
			);
			path = PYScalableTableView;
			sourceTree = "<group>";
		};
		8642BA461F7A041300032762 /* Tool */ = {
			isa = PBXGroup;
			children = (
				86C2EFE11F7DFBAC001E2E02 /* PYTestCell */,
				86C2EFDD1F7DF924001E2E02 /* PYTestModel */,
				8642BA471F7A041300032762 /* PYScalableTableView */,
			);
			path = Tool;
			sourceTree = "<group>";
		};
		8642BA471F7A041300032762 /* PYScalableTableView */ = {
			isa = PBXGroup;
			children = (
				86A79D141F7E695400F0F3C2 /* UITableViewCell+ScalableTableViewCell_Extension.h */,
				86A79D151F7E695400F0F3C2 /* UITableViewCell+ScalableTableViewCell_Extension.m */,
				86C9FD021F7D07E400E91B87 /* ScalableTableView.h */,
				86C9FD031F7D07E400E91B87 /* ScalableTableView.m */,
			);
			path = PYScalableTableView;
			sourceTree = "<group>";
		};
		86C2EFDD1F7DF924001E2E02 /* PYTestModel */ = {
			isa = PBXGroup;
			children = (
				86C2EFEB1F7DFF38001E2E02 /* PYTestBaseModel1.h */,
				86C2EFEC1F7DFF38001E2E02 /* PYTestBaseModel1.m */,
				86C2EFEE1F7DFF6A001E2E02 /* PYTestBaseModel2.h */,
				86C2EFEF1F7DFF6A001E2E02 /* PYTestBaseModel2.m */,
				86C2EFF11F7DFF73001E2E02 /* PYTestModel3.h */,
				86C2EFF21F7DFF73001E2E02 /* PYTestModel3.m */,
			);
			path = PYTestModel;
			sourceTree = "<group>";
		};
		86C2EFE11F7DFBAC001E2E02 /* PYTestCell */ = {
			isa = PBXGroup;
			children = (
				86C2EFE21F7DFBC2001E2E02 /* PYTestCell1.h */,
				86C2EFE31F7DFBC2001E2E02 /* PYTestCell1.m */,
				86C2EFE51F7DFBD4001E2E02 /* PYTestCell2.h */,
				86C2EFE61F7DFBD4001E2E02 /* PYTestCell2.m */,
				86C2EFE81F7DFBE3001E2E02 /* PYTestCell3.h */,
				86C2EFE91F7DFBE3001E2E02 /* PYTestCell3.m */,
			);
			path = PYTestCell;
			sourceTree = "<group>";
		};
		D019517287791E1F878F32F9 /* Pods */ = {
			isa = PBXGroup;
			children = (
				020BF7D21E3943E95A7663E1 /* Pods-PYScalableTableView.debug.xcconfig */,
				0CE8C2B5622F5947B567F03B /* Pods-PYScalableTableView.release.xcconfig */,
			);
			name = Pods;
			sourceTree = "<group>";
		};
		FE7B24656A62F06F80949080 /* Frameworks */ = {
			isa = PBXGroup;
			children = (
				54E59ADEBE38E99F3F34C8A3 /* libPods-PYScalableTableView.a */,
			);
			name = Frameworks;
			sourceTree = "<group>";
		};
/* End PBXGroup section */

/* Begin PBXNativeTarget section */
		8642BA2C1F7A03E800032762 /* PYScalableTableView */ = {
			isa = PBXNativeTarget;
			buildConfigurationList = 8642BA431F7A03E800032762 /* Build configuration list for PBXNativeTarget "PYScalableTableView" */;
			buildPhases = (
				D8AEC54BEB1E28E6B086EF55 /* [CP] Check Pods Manifest.lock */,
				8642BA291F7A03E800032762 /* Sources */,
				8642BA2A1F7A03E800032762 /* Frameworks */,
				8642BA2B1F7A03E800032762 /* Resources */,
				134B6F4AD1BC46CA492CD9E5 /* [CP] Embed Pods Frameworks */,
				B12D97EB006F2E2173803012 /* [CP] Copy Pods Resources */,
			);
			buildRules = (
			);
			dependencies = (
			);
			name = PYScalableTableView;
			productName = PYScalableTableView;
			productReference = 8642BA2D1F7A03E800032762 /* PYScalableTableView.app */;
			productType = "com.apple.product-type.application";
		};
/* End PBXNativeTarget section */

/* Begin PBXProject section */
		8642BA251F7A03E800032762 /* Project object */ = {
			isa = PBXProject;
			attributes = {
				LastUpgradeCheck = 0900;
				ORGANIZATIONNAME = 13lipengyue;
				TargetAttributes = {
					8642BA2C1F7A03E800032762 = {
						CreatedOnToolsVersion = 9.0;
						ProvisioningStyle = Automatic;
					};
				};
			};
			buildConfigurationList = 8642BA281F7A03E800032762 /* Build configuration list for PBXProject "PYScalableTableView" */;
			compatibilityVersion = "Xcode 8.0";
			developmentRegion = en;
			hasScannedForEncodings = 0;
			knownRegions = (
				en,
				Base,
			);
			mainGroup = 8642BA241F7A03E800032762;
			productRefGroup = 8642BA2E1F7A03E800032762 /* Products */;
			projectDirPath = "";
			projectRoot = "";
			targets = (
				8642BA2C1F7A03E800032762 /* PYScalableTableView */,
			);
		};
/* End PBXProject section */

/* Begin PBXResourcesBuildPhase section */
		8642BA2B1F7A03E800032762 /* Resources */ = {
			isa = PBXResourcesBuildPhase;
			buildActionMask = 2147483647;
			files = (
				8642BA3A1F7A03E800032762 /* Assets.xcassets in Resources */,
				8642BA381F7A03E800032762 /* Main.storyboard in Resources */,
			);
			runOnlyForDeploymentPostprocessing = 0;
		};
/* End PBXResourcesBuildPhase section */

/* Begin PBXShellScriptBuildPhase section */
		134B6F4AD1BC46CA492CD9E5 /* [CP] Embed Pods Frameworks */ = {
			isa = PBXShellScriptBuildPhase;
			buildActionMask = 2147483647;
			files = (
			);
			inputPaths = (
			);
			name = "[CP] Embed Pods Frameworks";
			outputPaths = (
			);
			runOnlyForDeploymentPostprocessing = 0;
			shellPath = /bin/sh;
			shellScript = "\"${SRCROOT}/Pods/Target Support Files/Pods-PYScalableTableView/Pods-PYScalableTableView-frameworks.sh\"\n";
			showEnvVarsInLog = 0;
		};
		B12D97EB006F2E2173803012 /* [CP] Copy Pods Resources */ = {
			isa = PBXShellScriptBuildPhase;
			buildActionMask = 2147483647;
			files = (
			);
			inputPaths = (
			);
			name = "[CP] Copy Pods Resources";
			outputPaths = (
			);
			runOnlyForDeploymentPostprocessing = 0;
			shellPath = /bin/sh;
			shellScript = "\"${SRCROOT}/Pods/Target Support Files/Pods-PYScalableTableView/Pods-PYScalableTableView-resources.sh\"\n";
			showEnvVarsInLog = 0;
		};
		D8AEC54BEB1E28E6B086EF55 /* [CP] Check Pods Manifest.lock */ = {
			isa = PBXShellScriptBuildPhase;
			buildActionMask = 2147483647;
			files = (
			);
			inputPaths = (
			);
			name = "[CP] Check Pods Manifest.lock";
			outputPaths = (
			);
			runOnlyForDeploymentPostprocessing = 0;
			shellPath = /bin/sh;
			shellScript = "diff \"${PODS_ROOT}/../Podfile.lock\" \"${PODS_ROOT}/Manifest.lock\" > /dev/null\nif [ $? != 0 ] ; then\n    # print error to STDERR\n    echo \"error: The sandbox is not in sync with the Podfile.lock. Run 'pod install' or update your CocoaPods installation.\" >&2\n    exit 1\nfi\n";
			showEnvVarsInLog = 0;
		};
/* End PBXShellScriptBuildPhase section */

/* Begin PBXSourcesBuildPhase section */
		8642BA291F7A03E800032762 /* Sources */ = {
			isa = PBXSourcesBuildPhase;
			buildActionMask = 2147483647;
			files = (
				86C2EFF01F7DFF6A001E2E02 /* PYTestBaseModel2.m in Sources */,
				86C2EFE41F7DFBC2001E2E02 /* PYTestCell1.m in Sources */,
				86E5EE471F8CD81F00B38813 /* PushViewController.m in Sources */,
				86C2EFE71F7DFBD4001E2E02 /* PYTestCell2.m in Sources */,
				86C9FD041F7D07E400E91B87 /* ScalableTableView.m in Sources */,
				86C2EFEA1F7DFBE3001E2E02 /* PYTestCell3.m in Sources */,
				8642BA351F7A03E800032762 /* ViewController.m in Sources */,
				8642BA401F7A03E800032762 /* main.m in Sources */,
				86C2EFF31F7DFF73001E2E02 /* PYTestModel3.m in Sources */,
				86C2EFED1F7DFF38001E2E02 /* PYTestBaseModel1.m in Sources */,
				86A79D161F7E695400F0F3C2 /* UITableViewCell+ScalableTableViewCell_Extension.m in Sources */,
				8642BA321F7A03E800032762 /* AppDelegate.m in Sources */,
			);
			runOnlyForDeploymentPostprocessing = 0;
		};
/* End PBXSourcesBuildPhase section */

/* Begin PBXVariantGroup section */
		8642BA361F7A03E800032762 /* Main.storyboard */ = {
			isa = PBXVariantGroup;
			children = (
				8642BA371F7A03E800032762 /* Base */,
			);
			name = Main.storyboard;
			sourceTree = "<group>";
		};
/* End PBXVariantGroup section */

/* Begin XCBuildConfiguration section */
		8642BA411F7A03E800032762 /* Debug */ = {
			isa = XCBuildConfiguration;
			buildSettings = {
				ALWAYS_SEARCH_USER_PATHS = NO;
				CLANG_ANALYZER_NONNULL = YES;
				CLANG_ANALYZER_NUMBER_OBJECT_CONVERSION = YES_AGGRESSIVE;
				CLANG_CXX_LANGUAGE_STANDARD = "gnu++14";
				CLANG_CXX_LIBRARY = "libc++";
				CLANG_ENABLE_MODULES = YES;
				CLANG_ENABLE_OBJC_ARC = YES;
				CLANG_WARN_BLOCK_CAPTURE_AUTORELEASING = YES;
				CLANG_WARN_BOOL_CONVERSION = YES;
				CLANG_WARN_COMMA = YES;
				CLANG_WARN_CONSTANT_CONVERSION = YES;
				CLANG_WARN_DIRECT_OBJC_ISA_USAGE = YES_ERROR;
				CLANG_WARN_DOCUMENTATION_COMMENTS = YES;
				CLANG_WARN_EMPTY_BODY = YES;
				CLANG_WARN_ENUM_CONVERSION = YES;
				CLANG_WARN_INFINITE_RECURSION = YES;
				CLANG_WARN_INT_CONVERSION = YES;
				CLANG_WARN_NON_LITERAL_NULL_CONVERSION = YES;
				CLANG_WARN_OBJC_LITERAL_CONVERSION = YES;
				CLANG_WARN_OBJC_ROOT_CLASS = YES_ERROR;
				CLANG_WARN_RANGE_LOOP_ANALYSIS = YES;
				CLANG_WARN_STRICT_PROTOTYPES = YES;
				CLANG_WARN_SUSPICIOUS_MOVE = YES;
				CLANG_WARN_UNGUARDED_AVAILABILITY = YES_AGGRESSIVE;
				CLANG_WARN_UNREACHABLE_CODE = YES;
				CLANG_WARN__DUPLICATE_METHOD_MATCH = YES;
				CODE_SIGN_IDENTITY = "iPhone Developer";
				COPY_PHASE_STRIP = NO;
				DEBUG_INFORMATION_FORMAT = dwarf;
				ENABLE_STRICT_OBJC_MSGSEND = YES;
				ENABLE_TESTABILITY = YES;
				GCC_C_LANGUAGE_STANDARD = gnu11;
				GCC_DYNAMIC_NO_PIC = NO;
				GCC_NO_COMMON_BLOCKS = YES;
				GCC_OPTIMIZATION_LEVEL = 0;
				GCC_PREPROCESSOR_DEFINITIONS = (
					"DEBUG=1",
					"$(inherited)",
				);
				GCC_WARN_64_TO_32_BIT_CONVERSION = YES;
				GCC_WARN_ABOUT_RETURN_TYPE = YES_ERROR;
				GCC_WARN_UNDECLARED_SELECTOR = YES;
				GCC_WARN_UNINITIALIZED_AUTOS = YES_AGGRESSIVE;
				GCC_WARN_UNUSED_FUNCTION = YES;
				GCC_WARN_UNUSED_VARIABLE = YES;
				IPHONEOS_DEPLOYMENT_TARGET = 11.0;
				MTL_ENABLE_DEBUG_INFO = YES;
				ONLY_ACTIVE_ARCH = YES;
				SDKROOT = iphoneos;
			};
			name = Debug;
		};
		8642BA421F7A03E800032762 /* Release */ = {
			isa = XCBuildConfiguration;
			buildSettings = {
				ALWAYS_SEARCH_USER_PATHS = NO;
				CLANG_ANALYZER_NONNULL = YES;
				CLANG_ANALYZER_NUMBER_OBJECT_CONVERSION = YES_AGGRESSIVE;
				CLANG_CXX_LANGUAGE_STANDARD = "gnu++14";
				CLANG_CXX_LIBRARY = "libc++";
				CLANG_ENABLE_MODULES = YES;
				CLANG_ENABLE_OBJC_ARC = YES;
				CLANG_WARN_BLOCK_CAPTURE_AUTORELEASING = YES;
				CLANG_WARN_BOOL_CONVERSION = YES;
				CLANG_WARN_COMMA = YES;
				CLANG_WARN_CONSTANT_CONVERSION = YES;
				CLANG_WARN_DIRECT_OBJC_ISA_USAGE = YES_ERROR;
				CLANG_WARN_DOCUMENTATION_COMMENTS = YES;
				CLANG_WARN_EMPTY_BODY = YES;
				CLANG_WARN_ENUM_CONVERSION = YES;
				CLANG_WARN_INFINITE_RECURSION = YES;
				CLANG_WARN_INT_CONVERSION = YES;
				CLANG_WARN_NON_LITERAL_NULL_CONVERSION = YES;
				CLANG_WARN_OBJC_LITERAL_CONVERSION = YES;
				CLANG_WARN_OBJC_ROOT_CLASS = YES_ERROR;
				CLANG_WARN_RANGE_LOOP_ANALYSIS = YES;
				CLANG_WARN_STRICT_PROTOTYPES = YES;
				CLANG_WARN_SUSPICIOUS_MOVE = YES;
				CLANG_WARN_UNGUARDED_AVAILABILITY = YES_AGGRESSIVE;
				CLANG_WARN_UNREACHABLE_CODE = YES;
				CLANG_WARN__DUPLICATE_METHOD_MATCH = YES;
				CODE_SIGN_IDENTITY = "iPhone Developer";
				COPY_PHASE_STRIP = NO;
				DEBUG_INFORMATION_FORMAT = "dwarf-with-dsym";
				ENABLE_NS_ASSERTIONS = NO;
				ENABLE_STRICT_OBJC_MSGSEND = YES;
				GCC_C_LANGUAGE_STANDARD = gnu11;
				GCC_NO_COMMON_BLOCKS = YES;
				GCC_WARN_64_TO_32_BIT_CONVERSION = YES;
				GCC_WARN_ABOUT_RETURN_TYPE = YES_ERROR;
				GCC_WARN_UNDECLARED_SELECTOR = YES;
				GCC_WARN_UNINITIALIZED_AUTOS = YES_AGGRESSIVE;
				GCC_WARN_UNUSED_FUNCTION = YES;
				GCC_WARN_UNUSED_VARIABLE = YES;
				IPHONEOS_DEPLOYMENT_TARGET = 11.0;
				MTL_ENABLE_DEBUG_INFO = NO;
				SDKROOT = iphoneos;
				VALIDATE_PRODUCT = YES;
			};
			name = Release;
		};
		8642BA441F7A03E800032762 /* Debug */ = {
			isa = XCBuildConfiguration;
			baseConfigurationReference = 020BF7D21E3943E95A7663E1 /* Pods-PYScalableTableView.debug.xcconfig */;
			buildSettings = {
				ASSETCATALOG_COMPILER_APPICON_NAME = AppIcon;
				CODE_SIGN_STYLE = Automatic;
				DEVELOPMENT_TEAM = NKTH3379KW;
				INFOPLIST_FILE = PYScalableTableView/Info.plist;
				IPHONEOS_DEPLOYMENT_TARGET = 10.3;
				LD_RUNPATH_SEARCH_PATHS = "$(inherited) @executable_path/Frameworks";
				PRODUCT_BUNDLE_IDENTIFIER = pengYueLi.PYScalableTableView;
				PRODUCT_NAME = "$(TARGET_NAME)";
				TARGETED_DEVICE_FAMILY = "1,2";
			};
			name = Debug;
		};
		8642BA451F7A03E800032762 /* Release */ = {
			isa = XCBuildConfiguration;
			baseConfigurationReference = 0CE8C2B5622F5947B567F03B /* Pods-PYScalableTableView.release.xcconfig */;
			buildSettings = {
				ASSETCATALOG_COMPILER_APPICON_NAME = AppIcon;
				CODE_SIGN_STYLE = Automatic;
				DEVELOPMENT_TEAM = NKTH3379KW;
				INFOPLIST_FILE = PYScalableTableView/Info.plist;
				IPHONEOS_DEPLOYMENT_TARGET = 10.3;
				LD_RUNPATH_SEARCH_PATHS = "$(inherited) @executable_path/Frameworks";
				PRODUCT_BUNDLE_IDENTIFIER = pengYueLi.PYScalableTableView;
				PRODUCT_NAME = "$(TARGET_NAME)";
				TARGETED_DEVICE_FAMILY = "1,2";
			};
			name = Release;
		};
/* End XCBuildConfiguration section */

/* Begin XCConfigurationList section */
		8642BA281F7A03E800032762 /* Build configuration list for PBXProject "PYScalableTableView" */ = {
			isa = XCConfigurationList;
			buildConfigurations = (
				8642BA411F7A03E800032762 /* Debug */,
				8642BA421F7A03E800032762 /* Release */,
			);
			defaultConfigurationIsVisible = 0;
			defaultConfigurationName = Release;
		};
		8642BA431F7A03E800032762 /* Build configuration list for PBXNativeTarget "PYScalableTableView" */ = {
			isa = XCConfigurationList;
			buildConfigurations = (
				8642BA441F7A03E800032762 /* Debug */,
				8642BA451F7A03E800032762 /* Release */,
			);
			defaultConfigurationIsVisible = 0;
			defaultConfigurationName = Release;
		};
/* End XCConfigurationList section */
	};
	rootObject = 8642BA251F7A03E800032762 /* Project object */;
}
